
Microsoft Visual Studio Solution File, Format Version 12.00
# Visual Studio Version 16
VisualStudioVersion = 16.0.31702.278
MinimumVisualStudioVersion = 10.0.40219.1
Project("{FAE04EC0-301F-11D3-BF4B-00C04F79EFBC}") = "Ntq.TimeLogger", "Ntq.TimeLogger\Ntq.TimeLogger.csproj", "{21070C31-F2C2-408E-B11A-008048949D1E}"
EndProject
Project("{FAE04EC0-301F-11D3-BF4B-00C04F79EFBC}") = "Ntq.TimeLogger.ConsoleApp", "Ntq.TimeLogger.ConsoleApp\Ntq.TimeLogger.ConsoleApp.csproj", "{BFBCF5C0-A9BD-4996-8D8F-BFA6AD866E6F}"
EndProject
Global
	GlobalSection(SolutionConfigurationPlatforms) = preSolution
		Debug|Any CPU = Debug|Any CPU
		Release|Any CPU = Release|Any CPU
	EndGlobalSection
	GlobalSection(ProjectConfigurationPlatforms) = postSolution
		{21070C31-F2C2-408E-B11A-008048949D1E}.Debug|Any CPU.ActiveCfg = Debug|Any CPU
		{21070C31-F2C2-408E-B11A-008048949D1E}.Debug|Any CPU.Build.0 = Debug|Any CPU
		{21070C31-F2C2-408E-B11A-008048949D1E}.Release|Any CPU.ActiveCfg = Release|Any CPU
		{21070C31-F2C2-408E-B11A-008048949D1E}.Release|Any CPU.Build.0 = Release|Any CPU
		{BFBCF5C0-A9BD-4996-8D8F-BFA6AD866E6F}.Debug|Any CPU.ActiveCfg = Debug|Any CPU
		{BFBCF5C0-A9BD-4996-8D8F-BFA6AD866E6F}.Debug|Any CPU.Build.0 = Debug|Any CPU
		{BFBCF5C0-A9BD-4996-8D8F-BFA6AD866E6F}.Release|Any CPU.ActiveCfg = Release|Any CPU
		{BFBCF5C0-A9BD-4996-8D8F-BFA6AD866E6F}.Release|Any CPU.Build.0 = Release|Any CPU
	EndGlobalSection
	GlobalSection(SolutionProperties) = preSolution
		HideSolutionNode = FALSE
	EndGlobalSection
	GlobalSection(ExtensibilityGlobals) = postSolution
		SolutionGuid = {FFE8907A-CC24-4BBA-8018-ADDDAC94BA12}
	EndGlobalSection
EndGlobal
